{"components":[{"tag":"Enum","name":"CameraComponent","default_values":"\"Orthographic\"","variants":[{"tag":"Struct","name":"Orthographic","default_values":"{ top: 1000.0, bottom: 0.0, right: 1000.0, znear: 0.1, left: 0.0, primary: true, zfar: 100.0 }","fields":[{"name":"left","label":"Left","ty":{"tag":"Primitive","ty":{"tag":"F32"},"default_values":"0.0"}},{"name":"right","label":"Right","ty":{"tag":"Primitive","ty":{"tag":"F32"},"default_values":"0.0"}},{"name":"bottom","label":"Bottom","ty":{"tag":"Primitive","ty":{"tag":"F32"},"default_values":"0.0"}},{"name":"top","label":"Top","ty":{"tag":"Primitive","ty":{"tag":"F32"},"default_values":"0.0"}},{"name":"znear","label":"Znear","ty":{"tag":"Primitive","ty":{"tag":"F32"},"default_values":"0.0"}},{"name":"zfar","label":"Zfar","ty":{"tag":"Primitive","ty":{"tag":"F32"},"default_values":"0.0"}},{"name":"primary","label":"Primary","ty":{"tag":"Primitive","ty":{"tag":"Boolean"},"default_values":"false"}}]},{"tag":"Struct","name":"Perspective","default_values":"{ zfar: 100.0, fovy: {value: 0.7853982}, primary: true, znear: 0.1 }","fields":[{"name":"fovy","label":"Fovy","ty":{"tag":"Struct","name":"Radian","default_values":"{ value: 0.0 }","fields":[{"name":"value","label":"Value","ty":{"tag":"Primitive","ty":{"tag":"F32"},"default_values":"0.0"}}]}},{"name":"znear","label":"Znear","ty":{"tag":"Primitive","ty":{"tag":"F32"},"default_values":"0.0"}},{"name":"zfar","label":"Zfar","ty":{"tag":"Primitive","ty":{"tag":"F32"},"default_values":"0.0"}},{"name":"primary","label":"Primary","ty":{"tag":"Primitive","ty":{"tag":"Boolean"},"default_values":"false"}}]}]},{"tag":"Struct","name":"TextComponent","default_values":"{ color: [0.0, 0.0, 0.0, 0.0], text: , line_spacing: 0.0, max_width: 0.0, kerning: 0.0 }","fields":[{"name":"text","label":"Text","ty":{"tag":"Primitive","ty":{"tag":"String"},"default_values":""}},{"name":"color","label":"Color","ty":{"tag":"Custom","name":"Vector4","default_values":"[0.0, 0.0, 0.0, 0.0]","ty":"Vector4<f32>"}},{"name":"line_spacing","label":"Line Spacing","ty":{"tag":"Primitive","ty":{"tag":"F32"},"default_values":"0.0"}},{"name":"kerning","label":"Kerning","ty":{"tag":"Primitive","ty":{"tag":"F32"},"default_values":"0.0"}},{"name":"max_width","label":"Max Width","ty":{"tag":"Primitive","ty":{"tag":"F32"},"default_values":"0.0"}}]},{"tag":"Struct","name":"ParentComponent","default_values":"{ id: (() => { \n      function uuidv4() {\n        return \"10000000-1000-4000-8000-100000000000\".replace(/[018]/g, c =>\n          (c ^ crypto.getRandomValues(new Uint8Array(1))[0] & 15 >> c / 4).toString(16)\n        );\n      };\n      return uuidv4()\n     })(), transform: [0.0, 0.0, 0.0, 0.0, 0.0, 0.0, 0.0, 0.0, 0.0, 0.0, 0.0, 0.0, 0.0, 0.0, 0.0, 0.0] }","fields":[{"name":"id","label":"Id","ty":{"tag":"Type","name":"Uuid","default_values":"(() => { \n      function uuidv4() {\n        return \"10000000-1000-4000-8000-100000000000\".replace(/[018]/g, c =>\n          (c ^ crypto.getRandomValues(new Uint8Array(1))[0] & 15 >> c / 4).toString(16)\n        );\n      };\n      return uuidv4()\n     })()","ty":{"tag":"Uuid"}}},{"name":"transform","label":"Transform","ty":{"tag":"Custom","name":"Matrix4","default_values":"[0.0, 0.0, 0.0, 0.0, 0.0, 0.0, 0.0, 0.0, 0.0, 0.0, 0.0, 0.0, 0.0, 0.0, 0.0, 0.0]","ty":"Matrix4<f32>"}}]},{"tag":"Struct","name":"InputComponent","default_values":"{ sensitivity: 0.0, pitch: 0.0, walk: [0.0, 0.0, 0.0], yaw: 0.0, speed: { hours: 0.0, kilometers: 0.0 }, front: [0.0, 0.0, 0.0] }","fields":[{"name":"yaw","label":"Yaw","ty":{"tag":"Primitive","ty":{"tag":"F32"},"default_values":"0.0"}},{"name":"pitch","label":"Pitch","ty":{"tag":"Primitive","ty":{"tag":"F32"},"default_values":"0.0"}},{"name":"front","label":"Front","ty":{"tag":"Newtype","name":"Unit","default_values":"[0.0, 0.0, 0.0]","ty":{"tag":"Custom","name":"Vector3","default_values":"[0.0, 0.0, 0.0]","ty":"Vector3<f32>"}}},{"name":"walk","label":"Walk","ty":{"tag":"Custom","name":"Vector3","default_values":"[0.0, 0.0, 0.0]","ty":"Vector3<f32>"}},{"name":"sensitivity","label":"Sensitivity","ty":{"tag":"Primitive","ty":{"tag":"F32"},"default_values":"0.0"}},{"name":"speed","label":"Speed","ty":{"tag":"Struct","name":"Kph","default_values":"{ hours: 0.0, kilometers: 0.0 }","fields":[{"name":"kilometers","label":"Kilometers","ty":{"tag":"Primitive","ty":{"tag":"F32"},"default_values":"0.0"}},{"name":"hours","label":"Hours","ty":{"tag":"Primitive","ty":{"tag":"F32"},"default_values":"0.0"}}]}}]},{"tag":"Enum","name":"SkyLightComponent","default_values":"\"Image\"","variants":[{"tag":"Struct","name":"Image","default_values":"{  }","fields":[{"name":"id","label":"Id","ty":{"tag":"Custom","name":"Identifiable","default_values":"(() => { \n            return Symbol.for(\"BackgroundId\");\n           })()","ty":"BackgroundId"}},{"name":"intensity","label":"Intensity","ty":{"tag":"Primitive","ty":{"tag":"F32"},"default_values":"0.0"}},{"name":"lod","label":"Lod","ty":{"tag":"Primitive","ty":{"tag":"F32"},"default_values":"0.0"}}]},{"tag":"Struct","name":"Dynamic","default_values":"{  }","fields":[{"name":"id","label":"Id","ty":{"tag":"Custom","name":"Identifiable","default_values":"(() => { \n            return Symbol.for(\"BackgroundId\");\n           })()","ty":"BackgroundId"}},{"name":"turbidity","label":"Turbidity","ty":{"tag":"Primitive","ty":{"tag":"F32"},"default_values":"0.0"}}]}]},{"tag":"Struct","name":"AudioListenerComponent","default_values":"{ cone_outer_gain: 0.0, cone_outer_angle_in_radians: { value: 0.0 }, active: false, cone_inner_angle_in_radians: { value: 0.0 } }","fields":[{"name":"active","label":"Active","ty":{"tag":"Primitive","ty":{"tag":"Boolean"},"default_values":"false"}},{"name":"cone_inner_angle_in_radians","label":"Cone Inner Angle In Radians","ty":{"tag":"Struct","name":"Radian","default_values":"{ value: 0.0 }","fields":[{"name":"value","label":"Value","ty":{"tag":"Primitive","ty":{"tag":"F32"},"default_values":"0.0"}}]}},{"name":"cone_outer_angle_in_radians","label":"Cone Outer Angle In Radians","ty":{"tag":"Struct","name":"Radian","default_values":"{ value: 0.0 }","fields":[{"name":"value","label":"Value","ty":{"tag":"Primitive","ty":{"tag":"F32"},"default_values":"0.0"}}]}},{"name":"cone_outer_gain","label":"Cone Outer Gain","ty":{"tag":"Primitive","ty":{"tag":"F32"},"default_values":"0.0"}}]},{"tag":"Struct","name":"ParticleComponent","default_values":"{ id: (() => { \n      function uuidv4() {\n        return \"10000000-1000-4000-8000-100000000000\".replace(/[018]/g, c =>\n          (c ^ crypto.getRandomValues(new Uint8Array(1))[0] & 15 >> c / 4).toString(16)\n        );\n      };\n      return uuidv4()\n     })(), asset_id: (() => { \n            return Symbol.for(\"ParticleId\");\n           })() }","fields":[{"name":"id","label":"Id","ty":{"tag":"Type","name":"Uuid","default_values":"(() => { \n      function uuidv4() {\n        return \"10000000-1000-4000-8000-100000000000\".replace(/[018]/g, c =>\n          (c ^ crypto.getRandomValues(new Uint8Array(1))[0] & 15 >> c / 4).toString(16)\n        );\n      };\n      return uuidv4()\n     })()","ty":{"tag":"Uuid"}}},{"name":"asset_id","label":"Asset Id","ty":{"tag":"Custom","name":"Identifiable","default_values":"(() => { \n            return Symbol.for(\"ParticleId\");\n           })()","ty":"ParticleId"}}]},{"tag":"Enum","name":"LightComponent","default_values":"\"Unknown\"","variants":[{"tag":"Unit","name":"Unknown","default_values":"\"Unknown\""},{"tag":"Struct","name":"Directional","default_values":"{  }","fields":[{"name":"radiance","label":"Radiance","ty":{"tag":"Custom","name":"Vector3","default_values":"[0.0, 0.0, 0.0]","ty":"Vector3<f32>"}},{"name":"intensity","label":"Intensity","ty":{"tag":"Primitive","ty":{"tag":"F32"},"default_values":"0.0"}},{"name":"azimuth","label":"Azimuth","ty":{"tag":"Struct","name":"Radian","default_values":"{ value: 0.0 }","fields":[{"name":"value","label":"Value","ty":{"tag":"Primitive","ty":{"tag":"F32"},"default_values":"0.0"}}]}},{"name":"inclination","label":"Inclination","ty":{"tag":"Struct","name":"Radian","default_values":"{ value: 0.0 }","fields":[{"name":"value","label":"Value","ty":{"tag":"Primitive","ty":{"tag":"F32"},"default_values":"0.0"}}]}},{"name":"should_cast_shadows","label":"Should Cast Shadows","ty":{"tag":"Primitive","ty":{"tag":"Boolean"},"default_values":"false"}}]},{"tag":"Struct","name":"Point","default_values":"{  }","fields":[{"name":"radiance","label":"Radiance","ty":{"tag":"Custom","name":"Vector3","default_values":"[0.0, 0.0, 0.0]","ty":"Vector3<f32>"}},{"name":"intensity","label":"Intensity","ty":{"tag":"Primitive","ty":{"tag":"F32"},"default_values":"0.0"}},{"name":"light_size","label":"Light Size","ty":{"tag":"Primitive","ty":{"tag":"F32"},"default_values":"0.0"}},{"name":"min_radius","label":"Min Radius","ty":{"tag":"Primitive","ty":{"tag":"F32"},"default_values":"0.0"}},{"name":"falloff","label":"Falloff","ty":{"tag":"Primitive","ty":{"tag":"F32"},"default_values":"0.0"}},{"name":"radius","label":"Radius","ty":{"tag":"Primitive","ty":{"tag":"F32"},"default_values":"0.0"}},{"name":"should_cast_shadows","label":"Should Cast Shadows","ty":{"tag":"Primitive","ty":{"tag":"Boolean"},"default_values":"false"}},{"name":"are_shadows_soft","label":"Are Shadows Soft","ty":{"tag":"Primitive","ty":{"tag":"Boolean"},"default_values":"false"}}]},{"tag":"Struct","name":"Spot","default_values":"{  }","fields":[{"name":"radiance","label":"Radiance","ty":{"tag":"Custom","name":"Vector3","default_values":"[0.0, 0.0, 0.0]","ty":"Vector3<f32>"}},{"name":"intensity","label":"Intensity","ty":{"tag":"Primitive","ty":{"tag":"F32"},"default_values":"0.0"}},{"name":"cone_length","label":"Cone Length","ty":{"tag":"Primitive","ty":{"tag":"F32"},"default_values":"0.0"}},{"name":"should_cast_shadows","label":"Should Cast Shadows","ty":{"tag":"Primitive","ty":{"tag":"Boolean"},"default_values":"false"}},{"name":"are_shadows_soft","label":"Are Shadows Soft","ty":{"tag":"Primitive","ty":{"tag":"Boolean"},"default_values":"false"}},{"name":"inner_angle","label":"Inner Angle","ty":{"tag":"Struct","name":"Radian","default_values":"{ value: 0.0 }","fields":[{"name":"value","label":"Value","ty":{"tag":"Primitive","ty":{"tag":"F32"},"default_values":"0.0"}}]}},{"name":"outer_angle","label":"Outer Angle","ty":{"tag":"Struct","name":"Radian","default_values":"{ value: 0.0 }","fields":[{"name":"value","label":"Value","ty":{"tag":"Primitive","ty":{"tag":"F32"},"default_values":"0.0"}}]}}]}]},{"tag":"Struct","name":"SkyComponent","default_values":"{ elevation: 0.0 }","fields":[{"name":"elevation","label":"Elevation","ty":{"tag":"Primitive","ty":{"tag":"F32"},"default_values":"0.0"}}]},{"tag":"Struct","name":"PhysicsComponent","default_values":"{ id: (() => { \n      function uuidv4() {\n        return \"10000000-1000-4000-8000-100000000000\".replace(/[018]/g, c =>\n          (c ^ crypto.getRandomValues(new Uint8Array(1))[0] & 15 >> c / 4).toString(16)\n        );\n      };\n      return uuidv4()\n     })(), delta_rotation: [0.0, 0.0, 0.0], debug: false, delta_translation: [0.0, 0.0, 0.0], joint: { config: null, joints: [], name: , offset: [0.0, 0.0, 0.0], body: { allow_translation: [false, false, false], allow_rotation: [false, false, false], ccd: false, dynamic_type: \"Dynamic\", restitution: 0.0, collider_type: \"CapsuleY\", density: 0.0, id: (() => { \n      function uuidv4() {\n        return \"10000000-1000-4000-8000-100000000000\".replace(/[018]/g, c =>\n          (c ^ crypto.getRandomValues(new Uint8Array(1))[0] & 15 >> c / 4).toString(16)\n        );\n      };\n      return uuidv4()\n     })(), friction: 0.0 }, id: (() => { \n      function uuidv4() {\n        return \"10000000-1000-4000-8000-100000000000\".replace(/[018]/g, c =>\n          (c ^ crypto.getRandomValues(new Uint8Array(1))[0] & 15 >> c / 4).toString(16)\n        );\n      };\n      return uuidv4()\n     })() } }","fields":[{"name":"id","label":"Id","ty":{"tag":"Type","name":"Uuid","default_values":"(() => { \n      function uuidv4() {\n        return \"10000000-1000-4000-8000-100000000000\".replace(/[018]/g, c =>\n          (c ^ crypto.getRandomValues(new Uint8Array(1))[0] & 15 >> c / 4).toString(16)\n        );\n      };\n      return uuidv4()\n     })()","ty":{"tag":"Uuid"}}},{"name":"delta_translation","label":"Delta Translation","ty":{"tag":"Custom","name":"Vector3","default_values":"[0.0, 0.0, 0.0]","ty":"Vector3<f32>"}},{"name":"delta_rotation","label":"Delta Rotation","ty":{"tag":"Custom","name":"Vector3","default_values":"[0.0, 0.0, 0.0]","ty":"Vector3<f32>"}},{"name":"debug","label":"Debug","ty":{"tag":"Primitive","ty":{"tag":"Boolean"},"default_values":"false"}},{"name":"joint","label":"Joint","ty":{"tag":"Struct","name":"PhysicsJoint","default_values":"{ body: { ccd: false, dynamic_type: \"Dynamic\", restitution: 0.0, id: (() => { \n      function uuidv4() {\n        return \"10000000-1000-4000-8000-100000000000\".replace(/[018]/g, c =>\n          (c ^ crypto.getRandomValues(new Uint8Array(1))[0] & 15 >> c / 4).toString(16)\n        );\n      };\n      return uuidv4()\n     })(), allow_rotation: [false, false, false], allow_translation: [false, false, false], collider_type: \"CapsuleY\", density: 0.0, friction: 0.0 }, offset: [0.0, 0.0, 0.0], name: , joints: [], config: null, id: (() => { \n      function uuidv4() {\n        return \"10000000-1000-4000-8000-100000000000\".replace(/[018]/g, c =>\n          (c ^ crypto.getRandomValues(new Uint8Array(1))[0] & 15 >> c / 4).toString(16)\n        );\n      };\n      return uuidv4()\n     })() }","fields":[{"name":"id","label":"Id","ty":{"tag":"Type","name":"Uuid","default_values":"(() => { \n      function uuidv4() {\n        return \"10000000-1000-4000-8000-100000000000\".replace(/[018]/g, c =>\n          (c ^ crypto.getRandomValues(new Uint8Array(1))[0] & 15 >> c / 4).toString(16)\n        );\n      };\n      return uuidv4()\n     })()","ty":{"tag":"Uuid"}}},{"name":"name","label":"Name","ty":{"tag":"Primitive","ty":{"tag":"String"},"default_values":""}},{"name":"offset","label":"Offset","ty":{"tag":"Custom","name":"Vector3","default_values":"[0.0, 0.0, 0.0]","ty":"Vector3<f32>"}},{"name":"body","label":"Body","ty":{"tag":"Struct","name":"PhysicsBody","default_values":"{ friction: 0.0, allow_rotation: [false, false, false], density: 0.0, collider_type: \"CapsuleY\", restitution: 0.0, allow_translation: [false, false, false], ccd: false, dynamic_type: \"Dynamic\", id: (() => { \n      function uuidv4() {\n        return \"10000000-1000-4000-8000-100000000000\".replace(/[018]/g, c =>\n          (c ^ crypto.getRandomValues(new Uint8Array(1))[0] & 15 >> c / 4).toString(16)\n        );\n      };\n      return uuidv4()\n     })() }","fields":[{"name":"id","label":"Id","ty":{"tag":"Type","name":"Uuid","default_values":"(() => { \n      function uuidv4() {\n        return \"10000000-1000-4000-8000-100000000000\".replace(/[018]/g, c =>\n          (c ^ crypto.getRandomValues(new Uint8Array(1))[0] & 15 >> c / 4).toString(16)\n        );\n      };\n      return uuidv4()\n     })()","ty":{"tag":"Uuid"}}},{"name":"dynamic_type","label":"Dynamic Type","ty":{"tag":"Enum","name":"DynamicType","default_values":"\"Dynamic\"","variants":[{"tag":"Unit","name":"Dynamic","default_values":"\"Dynamic\""},{"tag":"Unit","name":"Kinematic","default_values":"\"Kinematic\""},{"tag":"Unit","name":"Position","default_values":"\"Position\""},{"tag":"Unit","name":"Static","default_values":"\"Static\""}]}},{"name":"collider_type","label":"Collider Type","ty":{"tag":"Enum","name":"ColliderType","default_values":"\"CapsuleY\"","variants":[{"tag":"Struct","name":"CapsuleY","default_values":"{  }","fields":[{"name":"half_height","label":"Half Height","ty":{"tag":"Primitive","ty":{"tag":"F32"},"default_values":"0.0"}},{"name":"radius","label":"Radius","ty":{"tag":"Primitive","ty":{"tag":"F32"},"default_values":"0.0"}}]},{"tag":"Struct","name":"CapsuleX","default_values":"{  }","fields":[{"name":"half_height","label":"Half Height","ty":{"tag":"Primitive","ty":{"tag":"F32"},"default_values":"0.0"}},{"name":"radius","label":"Radius","ty":{"tag":"Primitive","ty":{"tag":"F32"},"default_values":"0.0"}}]},{"tag":"Struct","name":"CapsuleZ","default_values":"{  }","fields":[{"name":"half_height","label":"Half Height","ty":{"tag":"Primitive","ty":{"tag":"F32"},"default_values":"0.0"}},{"name":"radius","label":"Radius","ty":{"tag":"Primitive","ty":{"tag":"F32"},"default_values":"0.0"}}]},{"tag":"Struct","name":"Cube","default_values":"{  }","fields":[{"name":"width","label":"Width","ty":{"tag":"Primitive","ty":{"tag":"F32"},"default_values":"0.0"}},{"name":"height","label":"Height","ty":{"tag":"Primitive","ty":{"tag":"F32"},"default_values":"0.0"}},{"name":"length","label":"Length","ty":{"tag":"Primitive","ty":{"tag":"F32"},"default_values":"0.0"}}]},{"tag":"Struct","name":"Sphere","default_values":"{  }","fields":[{"name":"radius","label":"Radius","ty":{"tag":"Primitive","ty":{"tag":"F32"},"default_values":"0.0"}}]},{"tag":"Struct","name":"Trimesh","default_values":"{  }","fields":[{"name":"id","label":"Id","ty":{"tag":"Custom","name":"Identifiable","default_values":"(() => { \n            return Symbol.for(\"ModelId\");\n           })()","ty":"ModelId"}}]},{"tag":"Struct","name":"Cylinder","default_values":"{  }","fields":[{"name":"half_height","label":"Half Height","ty":{"tag":"Primitive","ty":{"tag":"F32"},"default_values":"0.0"}},{"name":"radius","label":"Radius","ty":{"tag":"Primitive","ty":{"tag":"F32"},"default_values":"0.0"}}]}]}},{"name":"density","label":"Density","ty":{"tag":"Primitive","ty":{"tag":"F32"},"default_values":"0.0"}},{"name":"friction","label":"Friction","ty":{"tag":"Primitive","ty":{"tag":"F32"},"default_values":"0.0"}},{"name":"restitution","label":"Restitution","ty":{"tag":"Primitive","ty":{"tag":"F32"},"default_values":"0.0"}},{"name":"allow_translation","label":"Allow Translation","ty":{"tag":"Primitive","ty":{"tag":"Array","data":[{"tag":"Primitive","ty":{"tag":"Boolean"},"default_values":"false"},3]},"default_values":"[false, false, false]"}},{"name":"allow_rotation","label":"Allow Rotation","ty":{"tag":"Primitive","ty":{"tag":"Array","data":[{"tag":"Primitive","ty":{"tag":"Boolean"},"default_values":"false"},3]},"default_values":"[false, false, false]"}},{"name":"ccd","label":"Ccd","ty":{"tag":"Primitive","ty":{"tag":"Boolean"},"default_values":"false"}}]}},{"name":"config","label":"Config","ty":{"tag":"Type","name":"Option","default_values":"null","ty":{"tag":"Option","data":{"tag":"Enum","name":"JointConfig","default_values":"\"Fixed\"","variants":[{"tag":"Struct","name":"Fixed","default_values":"{  }","fields":[{"name":"local_anchor","label":"Local Anchor","ty":{"tag":"Custom","name":"Vector3","default_values":"[0.0, 0.0, 0.0]","ty":"Vector3<f32>"}}]},{"tag":"Struct","name":"Spherical","default_values":"{  }","fields":[{"name":"local_anchor","label":"Local Anchor","ty":{"tag":"Custom","name":"Vector3","default_values":"[0.0, 0.0, 0.0]","ty":"Vector3<f32>"}}]},{"tag":"Struct","name":"Revolute","default_values":"{  }","fields":[{"name":"axis","label":"Axis","ty":{"tag":"Custom","name":"Vector3","default_values":"[0.0, 0.0, 0.0]","ty":"Vector3<f32>"}},{"name":"local_anchor","label":"Local Anchor","ty":{"tag":"Custom","name":"Vector3","default_values":"[0.0, 0.0, 0.0]","ty":"Vector3<f32>"}}]}]}}}},{"name":"joints","label":"Joints","ty":{"tag":"Type","name":"Vec","default_values":"[]","ty":{"tag":"Vector","data":{"tag":"Recurse","name":"PhysicsJoint"}}}}]}}]},{"tag":"Struct","name":"ModelComponent","default_values":"{ submesh_id: null, id: (() => { \n            return Symbol.for(\"ModelId\");\n           })() }","fields":[{"name":"id","label":"Id","ty":{"tag":"Custom","name":"Identifiable","default_values":"(() => { \n            return Symbol.for(\"ModelId\");\n           })()","ty":"ModelId"}},{"name":"submesh_id","label":"Submesh Id","ty":{"tag":"Type","name":"Option","default_values":"null","ty":{"tag":"Option","data":{"tag":"Custom","name":"Identifiable","default_values":"(() => { \n            return Symbol.for(\"MeshId\");\n           })()","ty":"MeshId"}}}}]},{"tag":"Struct","name":"AnimationComponent","default_values":"{ animations: [] }","fields":[{"name":"animations","label":"Animations","ty":{"tag":"Type","name":"Vec","default_values":"[]","ty":{"tag":"Vector","data":{"tag":"Struct","name":"Animation","default_values":"{ weight: 0.0, id: (() => { \n            return Symbol.for(\"AnimationId\");\n           })(), state: \"Paused\", current: 0.0, rate: 0.0 }","fields":[{"name":"id","label":"Id","ty":{"tag":"Custom","name":"Identifiable","default_values":"(() => { \n            return Symbol.for(\"AnimationId\");\n           })()","ty":"AnimationId"}},{"name":"rate","label":"Rate","ty":{"tag":"Primitive","ty":{"tag":"F32"},"default_values":"0.0"}},{"name":"weight","label":"Weight","ty":{"tag":"Primitive","ty":{"tag":"F32"},"default_values":"0.0"}},{"name":"current","label":"Current","ty":{"tag":"Primitive","ty":{"tag":"F32"},"default_values":"0.0"}},{"name":"state","label":"State","ty":{"tag":"Enum","name":"AnimationState","default_values":"\"Paused\"","variants":[{"tag":"Unit","name":"Paused","default_values":"\"Paused\""},{"tag":"Unit","name":"Playing","default_values":"\"Playing\""}]}}]}}}}]},{"tag":"Struct","name":"TerrainComponent","default_values":"{ id: (() => { \n            return Symbol.for(\"TerrainId\");\n           })(), tile_half_length: 0.0, height: 0.0 }","fields":[{"name":"id","label":"Id","ty":{"tag":"Custom","name":"Identifiable","default_values":"(() => { \n            return Symbol.for(\"TerrainId\");\n           })()","ty":"TerrainId"}},{"name":"height","label":"Height","ty":{"tag":"Primitive","ty":{"tag":"F32"},"default_values":"0.0"}},{"name":"tile_half_length","label":"Tile Half Length","ty":{"tag":"Primitive","ty":{"tag":"F32"},"default_values":"0.0"}}]}]}